
Microsoft Visual Studio Solution File, Format Version 12.00
# Visual Studio Version 17
VisualStudioVersion = 17.3.32922.545
MinimumVisualStudioVersion = 10.0.40219.1
Project("{9A19103F-16F7-4668-BE54-9A1E7A4F7556}") = "covid-19", "covid\covid-19.csproj", "{1C798E3B-5F5E-47B3-B8B6-D23FF26EED8A}"
EndProject
Project("{9A19103F-16F7-4668-BE54-9A1E7A4F7556}") = "AngularAuthApi", "..\..\authapp\weatherback\AngularAuthApi\AngularAuthApi\AngularAuthApi.csproj", "{EC933794-CAE7-4CF6-9207-AA149B7F4623}"
EndProject
Project("{FAE04EC0-301F-11D3-BF4B-00C04F79EFBC}") = "WebAPI", "WebAPI\WebAPI.csproj", "{247FC544-655D-4952-AD91-8EBD92C7A415}"
EndProject
Global
	GlobalSection(SolutionConfigurationPlatforms) = preSolution
		Debug|Any CPU = Debug|Any CPU
		Release|Any CPU = Release|Any CPU
	EndGlobalSection
	GlobalSection(ProjectConfigurationPlatforms) = postSolution
		{1C798E3B-5F5E-47B3-B8B6-D23FF26EED8A}.Debug|Any CPU.ActiveCfg = Debug|Any CPU
		{1C798E3B-5F5E-47B3-B8B6-D23FF26EED8A}.Debug|Any CPU.Build.0 = Debug|Any CPU
		{1C798E3B-5F5E-47B3-B8B6-D23FF26EED8A}.Release|Any CPU.ActiveCfg = Release|Any CPU
		{1C798E3B-5F5E-47B3-B8B6-D23FF26EED8A}.Release|Any CPU.Build.0 = Release|Any CPU
		{EC933794-CAE7-4CF6-9207-AA149B7F4623}.Debug|Any CPU.ActiveCfg = Debug|Any CPU
		{EC933794-CAE7-4CF6-9207-AA149B7F4623}.Debug|Any CPU.Build.0 = Debug|Any CPU
		{EC933794-CAE7-4CF6-9207-AA149B7F4623}.Release|Any CPU.ActiveCfg = Release|Any CPU
		{EC933794-CAE7-4CF6-9207-AA149B7F4623}.Release|Any CPU.Build.0 = Release|Any CPU
		{247FC544-655D-4952-AD91-8EBD92C7A415}.Debug|Any CPU.ActiveCfg = Debug|Any CPU
		{247FC544-655D-4952-AD91-8EBD92C7A415}.Debug|Any CPU.Build.0 = Debug|Any CPU
		{247FC544-655D-4952-AD91-8EBD92C7A415}.Release|Any CPU.ActiveCfg = Release|Any CPU
		{247FC544-655D-4952-AD91-8EBD92C7A415}.Release|Any CPU.Build.0 = Release|Any CPU
	EndGlobalSection
	GlobalSection(SolutionProperties) = preSolution
		HideSolutionNode = FALSE
	EndGlobalSection
	GlobalSection(ExtensibilityGlobals) = postSolution
		SolutionGuid = {075C176F-1E07-4F53-8C31-15BD580E064B}
	EndGlobalSection
EndGlobal
